
Microsoft Visual Studio Solution File, Format Version 12.00
# Visual Studio Version 16
VisualStudioVersion = 16.0.29926.136
MinimumVisualStudioVersion = 10.0.40219.1
Project("{FAE04EC0-301F-11D3-BF4B-00C04F79EFBC}") = "LauncherCS", "LauncherCS.csproj", "{77CF0137-BA51-4A97-B2F4-BAB900F25696}"
EndProject
Global
	GlobalSection(SolutionConfigurationPlatforms) = preSolution
		Debug|x86 = Debug|x86
		Release|x86 = Release|x86
	EndGlobalSection
	GlobalSection(ProjectConfigurationPlatforms) = postSolution
		{77CF0137-BA51-4A97-B2F4-BAB900F25696}.Debug|x86.ActiveCfg = Debug|x86
		{77CF0137-BA51-4A97-B2F4-BAB900F25696}.Debug|x86.Build.0 = Debug|x86
		{77CF0137-BA51-4A97-B2F4-BAB900F25696}.Release|x86.ActiveCfg = Release|x86
		{77CF0137-BA51-4A97-B2F4-BAB900F25696}.Release|x86.Build.0 = Release|x86
	EndGlobalSection
	GlobalSection(SolutionProperties) = preSolution
		HideSolutionNode = FALSE
	EndGlobalSection
	GlobalSection(ExtensibilityGlobals) = postSolution
		SolutionGuid = {C3376E8E-7502-4927-AEAA-B793C60E1BED}
	EndGlobalSection
EndGlobal
